{
  "version": "2",
  "remote": {
    "https://deno.land/std@0.193.0/_util/asserts.ts": "178dfc49a464aee693a7e285567b3d0b555dc805ff490505a8aae34f9cfb1462",
    "https://deno.land/std@0.193.0/_util/os.ts": "d932f56d41e4f6a6093d56044e29ce637f8dcc43c5a90af43504a889cf1775e3",
    "https://deno.land/std@0.193.0/async/abortable.ts": "fd682fa46f3b7b16b4606a5ab52a7ce309434b76f820d3221bdfb862719a15d7",
    "https://deno.land/std@0.193.0/async/deadline.ts": "58f72a3cc0fcb731b2cc055ba046f4b5be3349ff6bf98f2e793c3b969354aab2",
    "https://deno.land/std@0.193.0/async/debounce.ts": "adab11d04ca38d699444ac8a9d9856b4155e8dda2afd07ce78276c01ea5a4332",
    "https://deno.land/std@0.193.0/async/deferred.ts": "42790112f36a75a57db4a96d33974a936deb7b04d25c6084a9fa8a49f135def8",
    "https://deno.land/std@0.193.0/async/delay.ts": "73aa04cec034c84fc748c7be49bb15cac3dd43a57174bfdb7a4aec22c248f0dd",
    "https://deno.land/std@0.193.0/async/mod.ts": "f04344fa21738e5ad6bea37a6bfffd57c617c2d372bb9f9dcfd118a1b622e576",
    "https://deno.land/std@0.193.0/async/mux_async_iterator.ts": "70c7f2ee4e9466161350473ad61cac0b9f115cff4c552eaa7ef9d50c4cbb4cc9",
    "https://deno.land/std@0.193.0/async/pool.ts": "f1b8d3df4d7fd3c73f8cbc91cc2e8b8e950910f1eab94230b443944d7584c657",
    "https://deno.land/std@0.193.0/async/retry.ts": "b1ccf653954a4e52b3d9731e57d18b864e689a7462e78fb20440b11be9905080",
    "https://deno.land/std@0.193.0/async/tee.ts": "47e42d35f622650b02234d43803d0383a89eb4387e1b83b5a40106d18ae36757",
    "https://deno.land/std@0.193.0/collections/_utils.ts": "5114abc026ddef71207a79609b984614e66a63a4bda17d819d56b0e72c51527e",
    "https://deno.land/std@0.193.0/collections/deep_merge.ts": "d4628270ec6325055b95162df05b8543961b6f5b2a56f7cc46b730cc2c7b84ab",
    "https://deno.land/std@0.193.0/encoding/base64.ts": "144ae6234c1fbe5b68666c711dc15b1e9ee2aef6d42b3b4345bf9a6c91d70d0d",
    "https://deno.land/std@0.193.0/flags/mod.ts": "17f444ddbee43c5487568de0c6a076c7729cfe90d96d2ffcd2b8f8adadafb6e8",
    "https://deno.land/std@0.193.0/fmt/bytes.ts": "f29cf69e0791d375f9f5d94ae1f0641e5a03b975f32ddf86d70f70fdf37e7b6a",
    "https://deno.land/std@0.193.0/fmt/colors.ts": "d67e3cd9f472535241a8e410d33423980bec45047e343577554d3356e1f0ef4e",
    "https://deno.land/std@0.193.0/fs/_util.ts": "fbf57dcdc9f7bc8128d60301eece608246971a7836a3bb1e78da75314f08b978",
    "https://deno.land/std@0.193.0/fs/copy.ts": "14214efd94fc3aa6db1e4af2b4b9578e50f7362b7f3725d5a14ad259a5df26c8",
    "https://deno.land/std@0.193.0/fs/ensure_dir.ts": "dc64c4c75c64721d4e3fb681f1382f803ff3d2868f08563ff923fdd20d071c40",
    "https://deno.land/std@0.193.0/http/etag.ts": "6ad8abbbb1045aabf2307959a2c5565054a8bf01c9824ddee836b1ff22706a58",
    "https://deno.land/std@0.193.0/http/file_server.ts": "2349d927be838b32a965ba435d0e8351932b79186fa582ea2d7168b6b53ba36e",
    "https://deno.land/std@0.193.0/http/http_status.ts": "8a7bcfe3ac025199ad804075385e57f63d055b2aed539d943ccc277616d6f932",
    "https://deno.land/std@0.193.0/http/server.ts": "1b23463b5b36e4eebc495417f6af47a6f7d52e3294827a1226d2a1aab23d9d20",
    "https://deno.land/std@0.193.0/http/util.ts": "4cf044067febaa26d0830e356b0f3a5f76d701a60d7ff7a516fad7b192f4c3a7",
    "https://deno.land/std@0.193.0/media_types/_db.ts": "7606d83e31f23ce1a7968cbaee852810c2cf477903a095696cdc62eaab7ce570",
    "https://deno.land/std@0.193.0/media_types/_util.ts": "916efbd30b6148a716f110e67a4db29d6949bf4048997b754415dd7e42c52378",
    "https://deno.land/std@0.193.0/media_types/content_type.ts": "ad98a5aa2d95f5965b2796072284258710a25e520952376ed432b0937ce743bc",
    "https://deno.land/std@0.193.0/media_types/format_media_type.ts": "f5e1073c05526a6f5a516ac5c5587a1abd043bf1039c71cde1166aa4328c8baf",
    "https://deno.land/std@0.193.0/media_types/get_charset.ts": "18b88274796fda5d353806bf409eb1d2ddb3f004eb4bd311662c4cdd8ac173db",
    "https://deno.land/std@0.193.0/media_types/parse_media_type.ts": "835c4112e1357e95b4f10d7cdea5ae1801967e444f48673ff8f1cb4d32af9920",
    "https://deno.land/std@0.193.0/media_types/type_by_extension.ts": "daa801eb0f11cdf199445d0f1b656cf116d47dcf9e5b85cc1e6b4469f5ee0432",
    "https://deno.land/std@0.193.0/media_types/vendor/mime-db.v1.52.0.ts": "6925bbcae81ca37241e3f55908d0505724358cda3384eaea707773b2c7e99586",
    "https://deno.land/std@0.193.0/path/_constants.ts": "e49961f6f4f48039c0dfed3c3f93e963ca3d92791c9d478ac5b43183413136e0",
    "https://deno.land/std@0.193.0/path/_interface.ts": "6471159dfbbc357e03882c2266d21ef9afdb1e4aa771b0545e90db58a0ba314b",
    "https://deno.land/std@0.193.0/path/_util.ts": "d7abb1e0dea065f427b89156e28cdeb32b045870acdf865833ba808a73b576d0",
    "https://deno.land/std@0.193.0/path/common.ts": "ee7505ab01fd22de3963b64e46cff31f40de34f9f8de1fff6a1bd2fe79380000",
    "https://deno.land/std@0.193.0/path/glob.ts": "d479e0a695621c94d3fd7fe7abd4f9499caf32a8de13f25073451c6ef420a4e1",
    "https://deno.land/std@0.193.0/path/mod.ts": "f065032a7189404fdac3ad1a1551a9ac84751d2f25c431e101787846c86c79ef",
    "https://deno.land/std@0.193.0/path/posix.ts": "8b7c67ac338714b30c816079303d0285dd24af6b284f7ad63da5b27372a2c94d",
    "https://deno.land/std@0.193.0/path/separator.ts": "0fb679739d0d1d7bf45b68dacfb4ec7563597a902edbaf3c59b50d5bcadd93b1",
    "https://deno.land/std@0.193.0/path/win32.ts": "d186344e5583bcbf8b18af416d13d82b35a317116e6460a5a3953508c3de5bba",
    "https://deno.land/std@0.193.0/streams/byte_slice_stream.ts": "225d57263a34325d7c96cb3dafeb478eec0e6fd05cd0458d678752eadd132bb4",
    "https://deno.land/std@0.193.0/version.ts": "90fe73cb597df8dd8780ea1b899a9231b991b83751bb104b3c8aa2c954f49dd7",
    "https://deno.land/std@0.78.0/_util/assert.ts": "e1f76e77c5ccb5a8e0dbbbe6cce3a56d2556c8cb5a9a8802fc9565af72462149",
    "https://deno.land/std@0.78.0/_util/os.ts": "e2be3e25f96e4b5a233a08fd03aba80819bcaee66ac53c11c9b5aaa64799b475",
    "https://deno.land/std@0.78.0/fs/_util.ts": "9318f5253cb09177280bdce64b6af97012707cdb458c02864811c2bae1dd1dbd",
    "https://deno.land/std@0.78.0/fs/copy.ts": "94a9035388fb197e5d61db360bbf77497dbddd66bce56a42b7b6e0c39d5f7a2e",
    "https://deno.land/std@0.78.0/fs/empty_dir.ts": "4d706eb01e5d08d862c673200d1978526e485368559fc7fb0f297add68f9cc43",
    "https://deno.land/std@0.78.0/fs/ensure_dir.ts": "54cf0cfb16160857116d1bdff98214ad0189275fe2f089607fdc06c52ac79cc4",
    "https://deno.land/std@0.78.0/fs/ensure_file.ts": "b70eccaee6f41ae226d399ad9c8ebc29beb5dd86fe179d30ab7e681976352baf",
    "https://deno.land/std@0.78.0/fs/ensure_link.ts": "f647cea5c3b65f4a6618444546e9ca891d38f54f7fd4c718fb1fd575b4232213",
    "https://deno.land/std@0.78.0/fs/ensure_symlink.ts": "88e14896b2cf069ac6342cf929c1ca57a681eb90f48e5af658c05fbb100c6097",
    "https://deno.land/std@0.78.0/fs/eol.ts": "e133163510b683fc26a8285c4fa81e259a398ca592ab49edc3fdc9b2cc71e99a",
    "https://deno.land/std@0.78.0/fs/exists.ts": "5429dce6587bfcdde06a7a2a1fd5ad932c17d74ca082e67934fa646cff1d2e57",
    "https://deno.land/std@0.78.0/fs/expand_glob.ts": "1b43b860bd0834f2d79db4b88bb3ae97b4aed6c91e377bb843cc9d2f024bb117",
    "https://deno.land/std@0.78.0/fs/mod.ts": "54ba0d1dac6de21ac32e3b60b83930e7febb4a2148ed735013b8d911c889d172",
    "https://deno.land/std@0.78.0/fs/move.ts": "63803372793b85edfb8da586145fa5d33f4836caf4cea919f5b172b06bcab08a",
    "https://deno.land/std@0.78.0/fs/walk.ts": "855a8335b8e85a36466673caca7b4f4558878763922796359e6536cde4f45c53",
    "https://deno.land/std@0.78.0/path/_constants.ts": "3a19d04e5d6de4620df22ab40c2e8c9d87002b56702d2b4669c14dfa2765e368",
    "https://deno.land/std@0.78.0/path/_interface.ts": "67b276380d297a7cedc3c17f7a0bf122edcfc96a3e1f69de06f379d85ba0e2c0",
    "https://deno.land/std@0.78.0/path/_util.ts": "7820a788b35c26dfc27ff329df12507fc0553ae92727009597046f6cf856b4fa",
    "https://deno.land/std@0.78.0/path/common.ts": "e4ec66a7416d56f60331b66e27a8a4f08c7b1cf48e350271cb69754a01cf5c04",
    "https://deno.land/std@0.78.0/path/glob.ts": "c36be777b82346a3fac02ef0ffef7d6c9bfe4da50f4599c798d7ded072f88d22",
    "https://deno.land/std@0.78.0/path/mod.ts": "ef6a91aed4bc417eb56f8d5947f117f35ed3ca76c24d19dc482d3d6514218d5f",
    "https://deno.land/std@0.78.0/path/posix.ts": "1e38cb411e00eb98c9c49da3b7c7589bc22012fe9194165030945b71ddecbe69",
    "https://deno.land/std@0.78.0/path/separator.ts": "696812939d47fbe095002e92d595e3a1cdf03157222029a39c68dce9995f38c4",
    "https://deno.land/std@0.78.0/path/win32.ts": "ac04d13b10e47655472256666d60d8e0bb62a4bf4532be1c493b1444f5a76464",
    "https://esm.sh/highlight.js@11.8.0": "1a7ea0c15a6637fd8d7a39896c77ba3017655633fcd96d887be86ab2c890c717",
    "https://esm.sh/marked-highlight@2.0.1": "177d581566c132c94b7a6e6829ba59f57079444d9390e88c889526a4c90dda8b",
    "https://esm.sh/v126/marked-highlight@2.0.1/denonext/marked-highlight.mjs": "0ea3f7062a46a82cd5703a23d9ed0e28482b291d34aefa63ecc2e3788b3a65ac",
    "https://esm.sh/v128/ejs@3.1.9": "61791f575e5d46ca2a6baa05b346014a4b7628915e9b08d2bd7a6e3e8a683b08",
    "https://esm.sh/v128/ejs@3.1.9/denonext/ejs.mjs": "e431618f19f175600db3a278674ae72d3f49b6a376efc73f1db9625dd7c9f64f",
    "https://esm.sh/v128/highlight.js@11.8.0": "1a7ea0c15a6637fd8d7a39896c77ba3017655633fcd96d887be86ab2c890c717",
    "https://esm.sh/v128/highlight.js@11.8.0/denonext/highlight.mjs": "4e3f0e4c2c840a8941634d62a42e17501470f26b1e9b9b9affae537735446f97",
    "https://esm.sh/v128/highlight.js@11.8.0/denonext/lib/core.js": "7e46025ef88a48ec9742a01a26cbab264c5c7be813635f6acb4ca66ea49bcd14",
    "https://esm.sh/v128/highlight.js@11.8.0/denonext/lib/languages/1c.js": "7e504285028a768cbdc25a2f21c5813fd8a7c633a06585abbeb1b70ac95086e5",
    "https://esm.sh/v128/highlight.js@11.8.0/denonext/lib/languages/abnf.js": "840ade729a2d97fb28db459f88561e50ec390541a75c669c150b248864f63f81",
    "https://esm.sh/v128/highlight.js@11.8.0/denonext/lib/languages/accesslog.js": "68313538bc65fc62fdb24baf396bdf14e9968cfa7f01e3a88d2e40e3b4953e89",
    "https://esm.sh/v128/highlight.js@11.8.0/denonext/lib/languages/actionscript.js": "f64b308639db4495bfa9efeb4f45c1dfc3f0f3e8322b9162083a70713614c9b1",
    "https://esm.sh/v128/highlight.js@11.8.0/denonext/lib/languages/ada.js": "44663d1495201264232903019ce743eabdce4a5c2cc59ebcbcdd14df8f8ff551",
    "https://esm.sh/v128/highlight.js@11.8.0/denonext/lib/languages/angelscript.js": "4a46b62cd652e4f35bd970640c80471f734d25558341482e801ddd4dbd46421d",
    "https://esm.sh/v128/highlight.js@11.8.0/denonext/lib/languages/apache.js": "763c28608b65cabccea9135670f4a541cff37409652304366718f7c6ec924319",
    "https://esm.sh/v128/highlight.js@11.8.0/denonext/lib/languages/applescript.js": "6befd5909ef7e6499228f7530fa5a3ac8a255f8d31fac0dfe2a4a3b3bc19776f",
    "https://esm.sh/v128/highlight.js@11.8.0/denonext/lib/languages/arcade.js": "2eeaa4407daab6d950832c9aa2bcfd5822eac07dd0b1027a03a668b877b3e658",
    "https://esm.sh/v128/highlight.js@11.8.0/denonext/lib/languages/arduino.js": "857150518af1269cfbe1ac186c4216ae7b41841d3f091237e60550b60af147d9",
    "https://esm.sh/v128/highlight.js@11.8.0/denonext/lib/languages/armasm.js": "1980f524545d4571bc5858025a8dfc9c256bb13b686789d6bbafa5f31dcc6c5b",
    "https://esm.sh/v128/highlight.js@11.8.0/denonext/lib/languages/asciidoc.js": "80b93fea57bc2735f2a6a5a7735659e6e92cd45d9ac7b6904058f1592c3bffe4",
    "https://esm.sh/v128/highlight.js@11.8.0/denonext/lib/languages/aspectj.js": "c9b48cdd6c25a0895819f40add909fe2495a559a97a1ab13fb2ff39f88d8c4d5",
    "https://esm.sh/v128/highlight.js@11.8.0/denonext/lib/languages/autohotkey.js": "7c160ff2eb3a0f3521a48d782337514e5a47207d80932e5cc3b4b9aea7c87844",
    "https://esm.sh/v128/highlight.js@11.8.0/denonext/lib/languages/autoit.js": "4a3b51bad028c0ee9e371227efc8bb4cb2a0cfcbba8428da6fcd3b7d7ea7447c",
    "https://esm.sh/v128/highlight.js@11.8.0/denonext/lib/languages/avrasm.js": "d70de92982310bae4256b4b804266b9bfc36ece59083b32e9bfb2a34bfe19015",
    "https://esm.sh/v128/highlight.js@11.8.0/denonext/lib/languages/awk.js": "30d01659f553f2ad94d1b218de2926ef4708e87aa7d38a081e93561334983dcb",
    "https://esm.sh/v128/highlight.js@11.8.0/denonext/lib/languages/axapta.js": "e693ec47ad6e2e2ced8662ca44559104a919dd502af56104250d583d5c4ab9ac",
    "https://esm.sh/v128/highlight.js@11.8.0/denonext/lib/languages/bash.js": "6e98645317b7baec12121aff799a3bc97ee0f762c6644c39acd9eeabc3558a6c",
    "https://esm.sh/v128/highlight.js@11.8.0/denonext/lib/languages/basic.js": "d02dec707e951069476093d208f4011c33b6579a7a0bd079b89f049bf0ea5474",
    "https://esm.sh/v128/highlight.js@11.8.0/denonext/lib/languages/bnf.js": "cdc5780f77d03b35b772d307da227af8eeafd73c119cb17cd396d83182e3d57d",
    "https://esm.sh/v128/highlight.js@11.8.0/denonext/lib/languages/brainfuck.js": "280edaf2d7becc61a33f79a57365ea45633ee1090a64c7a6477275aded58251b",
    "https://esm.sh/v128/highlight.js@11.8.0/denonext/lib/languages/c.js": "dd49725c08bb17f8c5a3462c2e8d0e34a9ac56aff3a0b3a22f0e05d4005e6a20",
    "https://esm.sh/v128/highlight.js@11.8.0/denonext/lib/languages/cal.js": "e994357b3b4bd42db30e39cbb2ef452f05262ef1574f62f263a13fbba330c04c",
    "https://esm.sh/v128/highlight.js@11.8.0/denonext/lib/languages/capnproto.js": "b1297d14d3fa6a953c40bff20d85294ea6da86a6529dcbdaecdddbffe6e4f0a6",
    "https://esm.sh/v128/highlight.js@11.8.0/denonext/lib/languages/ceylon.js": "10f4f144828feed76f21dc9259d589bee1b2c05f2575b5b6ad5e4533d0de7970",
    "https://esm.sh/v128/highlight.js@11.8.0/denonext/lib/languages/clean.js": "2560391f076f430de2efd336327fcbc4152146077662a5d7c675690410d35811",
    "https://esm.sh/v128/highlight.js@11.8.0/denonext/lib/languages/clojure-repl.js": "43e704fc88ec3a3a178172a05b6c892af6699b4cc7908733add76e4c40a0d470",
    "https://esm.sh/v128/highlight.js@11.8.0/denonext/lib/languages/clojure.js": "cda37299f171bfbdb1ba0fad6c78b0b0e7bb55777fbe2b3c2e26d0d69fc21265",
    "https://esm.sh/v128/highlight.js@11.8.0/denonext/lib/languages/cmake.js": "fc1e6814e3a5f5e18c09869bde9f1744a5014f99cec48d1a6f3d029894d50a06",
    "https://esm.sh/v128/highlight.js@11.8.0/denonext/lib/languages/coffeescript.js": "2957f395f39d5973973560e60a10fcde2ccfda513c076dbd8381e8d0b7df88ea",
    "https://esm.sh/v128/highlight.js@11.8.0/denonext/lib/languages/coq.js": "9b3edbc0916e7ef39f60e99ce4bb329cfae2195cf1847646c758d5ab108b6721",
    "https://esm.sh/v128/highlight.js@11.8.0/denonext/lib/languages/cos.js": "21e4cb8265790d9f8089a8e871532424fc8c1b16506aa49a1fd4316b5ffa1636",
    "https://esm.sh/v128/highlight.js@11.8.0/denonext/lib/languages/cpp.js": "271f2acbabca6f3ca659339697a877d3099a4c8b0cb31e33bab6a9eee174a7ac",
    "https://esm.sh/v128/highlight.js@11.8.0/denonext/lib/languages/crmsh.js": "f32cd95c950af0fb38414648314306217162b37ebeabdddc620c9d715627ee76",
    "https://esm.sh/v128/highlight.js@11.8.0/denonext/lib/languages/crystal.js": "37e97d17a6e7555f80b775767172df43ef0132cffed937e46966fb1fc460926a",
    "https://esm.sh/v128/highlight.js@11.8.0/denonext/lib/languages/csharp.js": "2953dff959a38d95204af865ef2537dd05e2fd4e2fc7bd410ba7bcd1a6b9ee3a",
    "https://esm.sh/v128/highlight.js@11.8.0/denonext/lib/languages/csp.js": "eea59060924b7b9d0287a7a2557c504101f30cc29e3ccae1ca4c1e5ffbda02a2",
    "https://esm.sh/v128/highlight.js@11.8.0/denonext/lib/languages/css.js": "421fd2aba2ebb1ca83dcbf7e5243043d8b388c11067ecbbfe84a3fd8616be339",
    "https://esm.sh/v128/highlight.js@11.8.0/denonext/lib/languages/d.js": "14c70b7da930f6e2067649514d06a6285a7c3c169f2524eb690eb48bb879f7a3",
    "https://esm.sh/v128/highlight.js@11.8.0/denonext/lib/languages/dart.js": "88d21f6afce9d3b10c3a63f83fb26de75c31ed1e0028a7c86edcdf9fb5ec9ce3",
    "https://esm.sh/v128/highlight.js@11.8.0/denonext/lib/languages/delphi.js": "44f7473a0e90286c084700d17d8c9edae4cf73679a43b979e9811b2e1612a39b",
    "https://esm.sh/v128/highlight.js@11.8.0/denonext/lib/languages/diff.js": "10bc718a560c1e65a081e21eda9c9adfbc8cc1d06728f9aed67656422eb9e6bb",
    "https://esm.sh/v128/highlight.js@11.8.0/denonext/lib/languages/django.js": "f6358fe5b7284b0299419c1151be430c6641d61fc490fd001b443ca850521750",
    "https://esm.sh/v128/highlight.js@11.8.0/denonext/lib/languages/dns.js": "ae9bdd477a70b7e38838a80ccaaf8750f9cef7997e00bc282758d00258ee883f",
    "https://esm.sh/v128/highlight.js@11.8.0/denonext/lib/languages/dockerfile.js": "ff0f594b0bf19793c17df232eba60c8ec53f9859af1e4ab28c269d7706011cdf",
    "https://esm.sh/v128/highlight.js@11.8.0/denonext/lib/languages/dos.js": "316ba858d0f57dce72a2141a57331df2752a554d9967c17d5468c12bbb784766",
    "https://esm.sh/v128/highlight.js@11.8.0/denonext/lib/languages/dsconfig.js": "af0765e0287acddfca424bbd6649957e58cb7ab88674c4478b93b55e84d0acfc",
    "https://esm.sh/v128/highlight.js@11.8.0/denonext/lib/languages/dts.js": "8ffe21f58333aeb2bd695b46fb6bf82d6c37032c76dbf818592c21b9bc57d9af",
    "https://esm.sh/v128/highlight.js@11.8.0/denonext/lib/languages/dust.js": "b69de639a277ec1aef740927b770435aefe43b40737f4762fcd5aa1c3c5cc676",
    "https://esm.sh/v128/highlight.js@11.8.0/denonext/lib/languages/ebnf.js": "2f2fa8256ecf1d9680d145bbdc1cfa65bc924dce384a7e0278b6f2820514a94b",
    "https://esm.sh/v128/highlight.js@11.8.0/denonext/lib/languages/elixir.js": "97a067297b4ddda9dbbfe003744be7317c98e0406d9e47e26957afe728572830",
    "https://esm.sh/v128/highlight.js@11.8.0/denonext/lib/languages/elm.js": "aef431db457ea66a9166818b1d7ee5ea7da8d8e77e45630e6d571441abf63051",
    "https://esm.sh/v128/highlight.js@11.8.0/denonext/lib/languages/erb.js": "67fbc5c44482e8f101f2b1a1a7e9b5fe45cfef04d2ca492346443daf3dcafd91",
    "https://esm.sh/v128/highlight.js@11.8.0/denonext/lib/languages/erlang-repl.js": "2c0d63290487822e3d8745063480565009556146ae6d6426fe1ecad75739f2aa",
    "https://esm.sh/v128/highlight.js@11.8.0/denonext/lib/languages/erlang.js": "492d3b440d7f56d7553a8f87edd54fb2b1c48fdba8066ea100456c913d34f33a",
    "https://esm.sh/v128/highlight.js@11.8.0/denonext/lib/languages/excel.js": "2899db39e586d18e26a8ab81eb678b6160698ceb2a7d6bc2f97ca791196bd8be",
    "https://esm.sh/v128/highlight.js@11.8.0/denonext/lib/languages/fix.js": "c52ca2f3f21924c708f005f633fe1743b82150f52988234b4e496f00c63586e6",
    "https://esm.sh/v128/highlight.js@11.8.0/denonext/lib/languages/flix.js": "e17d41e6b3724711addb7b724bf367885f2d83ba6211e88a67ee0ea54e6f2aac",
    "https://esm.sh/v128/highlight.js@11.8.0/denonext/lib/languages/fortran.js": "8ce029a75e2af971cbf238e684eeb0fed5886b6fcc80854c7d44fde401ed51f7",
    "https://esm.sh/v128/highlight.js@11.8.0/denonext/lib/languages/fsharp.js": "bb1f167d4e4ec75d35a18d86e2838c3bd365b95ffee0770aa3de6739d6f907f1",
    "https://esm.sh/v128/highlight.js@11.8.0/denonext/lib/languages/gams.js": "f83a8a0b3a09571ac92b98624327fd84f818f305934b4161aece57c237e80c0c",
    "https://esm.sh/v128/highlight.js@11.8.0/denonext/lib/languages/gauss.js": "ce83711ce83f9d2b9ba2d26480efeb546f3064b7bf1a08b5d597332b052c2849",
    "https://esm.sh/v128/highlight.js@11.8.0/denonext/lib/languages/gcode.js": "4ca9ab04b8ac4adb76c4a0e9ac116fc66204540f2cc33ea0af109608dc6ad445",
    "https://esm.sh/v128/highlight.js@11.8.0/denonext/lib/languages/gherkin.js": "4300df80d0b6d6ea5a7c68af28762cd4bcf23392461680d61990251a017294e2",
    "https://esm.sh/v128/highlight.js@11.8.0/denonext/lib/languages/glsl.js": "bc3bcb48c369bc134c600906d451e9c326a697b85c54972a7c367f71ce4be242",
    "https://esm.sh/v128/highlight.js@11.8.0/denonext/lib/languages/gml.js": "d13a8017bb46e489263dc71cb42ead4cd775ac9295efc093d9cca9f4371d7a03",
    "https://esm.sh/v128/highlight.js@11.8.0/denonext/lib/languages/go.js": "79bf085d33d0f1eb89e44364713f3c9fcc7b6cab0929706c16009462552d3f25",
    "https://esm.sh/v128/highlight.js@11.8.0/denonext/lib/languages/golo.js": "b6b0f87155e03c269283428ddd959e148b1e5d367e08cfb5a14865a146e7594f",
    "https://esm.sh/v128/highlight.js@11.8.0/denonext/lib/languages/gradle.js": "18c5548c6a453010584a758178d9880b9253d3de9801234089b0052ea7e68d10",
    "https://esm.sh/v128/highlight.js@11.8.0/denonext/lib/languages/graphql.js": "16a33ea22b9ff31aa460e6d12b2e05eebb295cf1e8e377267a5d851d229b04b4",
    "https://esm.sh/v128/highlight.js@11.8.0/denonext/lib/languages/groovy.js": "57700b479600cd0933f91ccc60f98aad582f64489f858fe976269121fa6c20b9",
    "https://esm.sh/v128/highlight.js@11.8.0/denonext/lib/languages/haml.js": "e018abf2d24034b98b7c2bdc98e6965a08f5e4de21aca9cf8ac834a9b922d977",
    "https://esm.sh/v128/highlight.js@11.8.0/denonext/lib/languages/handlebars.js": "4e37ce266dc03e19a28174df246d0c6c42acbf54e5d4955944f0d52072594978",
    "https://esm.sh/v128/highlight.js@11.8.0/denonext/lib/languages/haskell.js": "c38bba133e0b23e6f0a866cb6a2d842554d9fab7a61cb5ab148a6bba68aa3764",
    "https://esm.sh/v128/highlight.js@11.8.0/denonext/lib/languages/haxe.js": "8bb310d0ae680425889018f0232772314390259415f276fe65af7928e1cc11f5",
    "https://esm.sh/v128/highlight.js@11.8.0/denonext/lib/languages/hsp.js": "cc7903be00f690c4743aa57d406c5e698e421342b30d9e5041352530a9616f82",
    "https://esm.sh/v128/highlight.js@11.8.0/denonext/lib/languages/http.js": "30ea411b2c4a58724b589d1ef9d807eb0d941358ba9ab56c4d9e08cee5bd418f",
    "https://esm.sh/v128/highlight.js@11.8.0/denonext/lib/languages/hy.js": "3ba1ec2f4e99af99b0fad9ac28075f6204837645a9f30cd0521a7f092082f7ea",
    "https://esm.sh/v128/highlight.js@11.8.0/denonext/lib/languages/inform7.js": "0fe739636536fc95b7484487d039e84a7cb93c5b1a5cb34124734adaf4dbca32",
    "https://esm.sh/v128/highlight.js@11.8.0/denonext/lib/languages/ini.js": "8322c2be26898edbcd016b3b185f0906956f691c11186ca8b93ab5e8394957e9",
    "https://esm.sh/v128/highlight.js@11.8.0/denonext/lib/languages/irpf90.js": "1f998b8063e47b72349712e6543781604a42c5dc06b0c2f5f181c005b5a0f4a7",
    "https://esm.sh/v128/highlight.js@11.8.0/denonext/lib/languages/isbl.js": "d857f6598baff02c651005590280640915bbc7a895b521b608a2837869e602d5",
    "https://esm.sh/v128/highlight.js@11.8.0/denonext/lib/languages/java.js": "94a1ba5c1e9b72b2b95fb2d67da427e8c8057195985842cfce8d1f952d778a98",
    "https://esm.sh/v128/highlight.js@11.8.0/denonext/lib/languages/javascript.js": "958cb56890ee05ec3dfa2042896769d51435cc634e6c8e726f6713459756302d",
    "https://esm.sh/v128/highlight.js@11.8.0/denonext/lib/languages/jboss-cli.js": "e29c4b0c07ff96a2eadb2d1b65f3d21dc98384251f8c3bc529bdd425fd8cc5ee",
    "https://esm.sh/v128/highlight.js@11.8.0/denonext/lib/languages/json.js": "16d3cca434e049b2d4142bc5318c0e10f97da40c6924184e0dbc30b3b22ae8fa",
    "https://esm.sh/v128/highlight.js@11.8.0/denonext/lib/languages/julia-repl.js": "736a3ce6c3745af1eac38b302323d023e62763549c0d03ad109e0135ce75175b",
    "https://esm.sh/v128/highlight.js@11.8.0/denonext/lib/languages/julia.js": "0b9b284d5b8058dc623923a423a769f12269fb557a59bf0271124215f531a8d2",
    "https://esm.sh/v128/highlight.js@11.8.0/denonext/lib/languages/kotlin.js": "d6041724226aaea579ab6f16a238a60d19ea231fda19e381b006b2d8eec46bce",
    "https://esm.sh/v128/highlight.js@11.8.0/denonext/lib/languages/lasso.js": "485f7fb2aa5f97ec2bb6fdb6fe36e77b36643a122cf1cc90e25adb6264c31c8d",
    "https://esm.sh/v128/highlight.js@11.8.0/denonext/lib/languages/latex.js": "c643467815bd123532746b522c323fd17b81c666d55fda7d99c3170aaf21b0ab",
    "https://esm.sh/v128/highlight.js@11.8.0/denonext/lib/languages/ldif.js": "a04882f31f0cfd4c61ed572db1db6dd342ecb3aa208e590bd75acad89e94aecc",
    "https://esm.sh/v128/highlight.js@11.8.0/denonext/lib/languages/leaf.js": "cee7780ed9b1a31aea6a3ff70723b9bf421f94f590d71ab998439b9d9d6f82ba",
    "https://esm.sh/v128/highlight.js@11.8.0/denonext/lib/languages/less.js": "bceee594e65387d39de8267aaf69e2a4efd16e222a060919dec46f0ae96d70bb",
    "https://esm.sh/v128/highlight.js@11.8.0/denonext/lib/languages/lisp.js": "2b0e6e39755b8dbef5d2a11ac407cb44e3eca375193ba71d56681babbf638aa2",
    "https://esm.sh/v128/highlight.js@11.8.0/denonext/lib/languages/livecodeserver.js": "a7afe3e5e2a00965ec3c23e57d96cd5489acd2c7075ae661fd3a280d08f9e62f",
    "https://esm.sh/v128/highlight.js@11.8.0/denonext/lib/languages/livescript.js": "2bce41da937700a5483949b5f697ce02e756631b44b8cd53fe1cda151f8676e2",
    "https://esm.sh/v128/highlight.js@11.8.0/denonext/lib/languages/llvm.js": "b13d2ad5cccbc52cb1e3b635279fb647d1391238c95ef7a08751a02fe0bfb603",
    "https://esm.sh/v128/highlight.js@11.8.0/denonext/lib/languages/lsl.js": "8ba2db8bf82526583d76c9a97055cdef9c9f7233f35d041310f5898e41d1a59c",
    "https://esm.sh/v128/highlight.js@11.8.0/denonext/lib/languages/lua.js": "fd773580e45f40954d703567713c43b8d1243db9da4276e5da6875bc1d1889ef",
    "https://esm.sh/v128/highlight.js@11.8.0/denonext/lib/languages/makefile.js": "fbab8c60ce5b00e6a27a3aa1336ffcd3b3eeff976830c0d2815bcf4a43f8c9ca",
    "https://esm.sh/v128/highlight.js@11.8.0/denonext/lib/languages/markdown.js": "f174f5fdd7cd7d8035ac0b20f1c5121d5c79429d9c0e118367ac9d2d1a52aea3",
    "https://esm.sh/v128/highlight.js@11.8.0/denonext/lib/languages/mathematica.js": "ab0cdaff891825e6c347fb22151234e4b3e3d350ea87c29cd2b208948307e2f7",
    "https://esm.sh/v128/highlight.js@11.8.0/denonext/lib/languages/matlab.js": "88a69d4022ab1341f4210bfcd8d9eda74028e5880eb407820f4a1b7371520713",
    "https://esm.sh/v128/highlight.js@11.8.0/denonext/lib/languages/maxima.js": "1ef4f608814cc256cca1925e6b53cc1ddeba9fb3feeec36a93d86e4c0536c71b",
    "https://esm.sh/v128/highlight.js@11.8.0/denonext/lib/languages/mel.js": "22d397c4707b8ecff3e6f497c5743df50d057811412dc88b5cf320e17e623325",
    "https://esm.sh/v128/highlight.js@11.8.0/denonext/lib/languages/mercury.js": "e30e594b14da1928e67ac470305116f647af7f8df644dbc15f107f380ce36ef5",
    "https://esm.sh/v128/highlight.js@11.8.0/denonext/lib/languages/mipsasm.js": "3e96c0eabffd95fd6c72063c21776a06e5c716c3cfad902f8845740722178e93",
    "https://esm.sh/v128/highlight.js@11.8.0/denonext/lib/languages/mizar.js": "721017f12b5c07eac380c37ad86fd1c61057930aa55138c50979e6a93c8aaa54",
    "https://esm.sh/v128/highlight.js@11.8.0/denonext/lib/languages/mojolicious.js": "12ea495a6e664e49278e881b61a63c6e668e73227d6fe5d8b7ecdc3260e68588",
    "https://esm.sh/v128/highlight.js@11.8.0/denonext/lib/languages/monkey.js": "995fe330d3019d8ecbdb4413826751950d1c6776afb1a11ae6ad44ea65f4e9a4",
    "https://esm.sh/v128/highlight.js@11.8.0/denonext/lib/languages/moonscript.js": "a474dc5289b305d51a8a9762cfef4430d58b9341b44f33930e0ff03b49ddd559",
    "https://esm.sh/v128/highlight.js@11.8.0/denonext/lib/languages/n1ql.js": "712b3e4cd028278c731dfbd948b895786233bda82ac11dadaba1c05d68e0270d",
    "https://esm.sh/v128/highlight.js@11.8.0/denonext/lib/languages/nestedtext.js": "33f743724e3d5147cdb0fc7bc616de1a2d7ac4852b457a5033e194ab386d09d1",
    "https://esm.sh/v128/highlight.js@11.8.0/denonext/lib/languages/nginx.js": "564ec9a8539d8b2ae1d7e515a4fbd27a357ffb4fb01935cb3c581e66c6a78012",
    "https://esm.sh/v128/highlight.js@11.8.0/denonext/lib/languages/nim.js": "7b5e924695dad598a1f1addb2f5b33581fd4ef864296e50efad1ea0c8e276827",
    "https://esm.sh/v128/highlight.js@11.8.0/denonext/lib/languages/nix.js": "65146e381106f5a4a8cc752b6569f902122601327c52b94beeda7ad6e2847f94",
    "https://esm.sh/v128/highlight.js@11.8.0/denonext/lib/languages/node-repl.js": "c93b4f79566bf6920bfc963a02aa4b06aaf34c61432dca003cdc736e8c7f8b1c",
    "https://esm.sh/v128/highlight.js@11.8.0/denonext/lib/languages/nsis.js": "ca11c80a0ac36416668d9181ced8bc483ab8b60974d2268a8b392cf5f35c0ebd",
    "https://esm.sh/v128/highlight.js@11.8.0/denonext/lib/languages/objectivec.js": "413a3d587699bbc29ea8cb176b084ecfcfd7b6f55722b29cedf4b12c399a2efe",
    "https://esm.sh/v128/highlight.js@11.8.0/denonext/lib/languages/ocaml.js": "ddf5dfb6f2f8ad3e4b076626682be00167f95cc44d93108b3b1fa5ce065f37e1",
    "https://esm.sh/v128/highlight.js@11.8.0/denonext/lib/languages/openscad.js": "8d475c27b44ba4837948c8e8eaafd9186d5ca036e8501c99ec4d79ce651279e1",
    "https://esm.sh/v128/highlight.js@11.8.0/denonext/lib/languages/oxygene.js": "3e50d975f2b5169e241d1308bc287582de71b598e762e53cb85e638e35898f1b",
    "https://esm.sh/v128/highlight.js@11.8.0/denonext/lib/languages/parser3.js": "589c8825216aa53e9c2d2137772b7b20375032a4d1e1d240ec482b5e4ddd374e",
    "https://esm.sh/v128/highlight.js@11.8.0/denonext/lib/languages/perl.js": "3ea2bc1c9325d98cb65c74f8efc648d20769f99c3b0becd70fa19199d13bba01",
    "https://esm.sh/v128/highlight.js@11.8.0/denonext/lib/languages/pf.js": "2a2c83e5435dc0939ef88f7af2df254d567ee2a66953a1ffd06e1c5d22d55a0f",
    "https://esm.sh/v128/highlight.js@11.8.0/denonext/lib/languages/pgsql.js": "d803f359077c990260226a88d675196b46c09f48711cd0da99ffe58cb95c5cdb",
    "https://esm.sh/v128/highlight.js@11.8.0/denonext/lib/languages/php-template.js": "37487a0b6a35dbf79c231eccef53202420750eff087ea9419967e4dabdda939f",
    "https://esm.sh/v128/highlight.js@11.8.0/denonext/lib/languages/php.js": "816f5d79bb2e49b4bff5f966adec744bf8e3fdf4dc32a52f48a683bd90305337",
    "https://esm.sh/v128/highlight.js@11.8.0/denonext/lib/languages/plaintext.js": "55a99ea5be7e9a554376863ade8d5abc683308a9adfdfaa67d44f62f224ac98a",
    "https://esm.sh/v128/highlight.js@11.8.0/denonext/lib/languages/pony.js": "c5e2f34e54e71b70460c8741206d45a87b0bb2aa5f318d73d2f126242252a51e",
    "https://esm.sh/v128/highlight.js@11.8.0/denonext/lib/languages/powershell.js": "0eaf98e9cd2ef31d8ad01e2d2d3044eab9aa345e5fffb1af756cd98f2460f29c",
    "https://esm.sh/v128/highlight.js@11.8.0/denonext/lib/languages/processing.js": "1c38de547ca94317c07d3e36030c4e9fcc22574e54c616c78aa73e5804c4f855",
    "https://esm.sh/v128/highlight.js@11.8.0/denonext/lib/languages/profile.js": "a43ac2b8d3cfde06158b33271a7ea6ce188e15601e59bb699c84e2f95e8d8ca0",
    "https://esm.sh/v128/highlight.js@11.8.0/denonext/lib/languages/prolog.js": "1b714acbfcf27f3573206b7fed5607247e8cf4ff499543cb1891363905601385",
    "https://esm.sh/v128/highlight.js@11.8.0/denonext/lib/languages/properties.js": "e433a0183eabcf95aa955b8304f74d4fbe47fee9edd00c330fc40d28bbbd89ac",
    "https://esm.sh/v128/highlight.js@11.8.0/denonext/lib/languages/protobuf.js": "99812a86e3238ee92d22acb44a72db2d3c0dd8c097b0419ee02bb0c2e9a32ef8",
    "https://esm.sh/v128/highlight.js@11.8.0/denonext/lib/languages/puppet.js": "1684ec8043b17cec84d46aa30d19f2e47ca84f19c701c9abc5eab32c5b9793fe",
    "https://esm.sh/v128/highlight.js@11.8.0/denonext/lib/languages/purebasic.js": "1a17ea12b704d69b42c0c5f4c45998113b3750c984e34da51b43504fe39c1757",
    "https://esm.sh/v128/highlight.js@11.8.0/denonext/lib/languages/python-repl.js": "c6ed25f565e215e6fab3b7461d1158a1069aa3bba89b027d3412a0aae7676eed",
    "https://esm.sh/v128/highlight.js@11.8.0/denonext/lib/languages/python.js": "fa72f6a42b49bfb9dd49ea67c40cfe2d105ce884c5fc1f895ca3a0259e045458",
    "https://esm.sh/v128/highlight.js@11.8.0/denonext/lib/languages/q.js": "f6be9a40646c9aaaf59f48a5a5d2115fd4817139589af68225f1d8c7b2bdc82a",
    "https://esm.sh/v128/highlight.js@11.8.0/denonext/lib/languages/qml.js": "f67b9cb1ff3283a156c367b615182f83b29203652de6d86956baa12573d9ca5a",
    "https://esm.sh/v128/highlight.js@11.8.0/denonext/lib/languages/r.js": "e0f3cde7a1e3c35e24748aaf5abb9e17a127440a8d8776e03e6747283c89f9b2",
    "https://esm.sh/v128/highlight.js@11.8.0/denonext/lib/languages/reasonml.js": "b67dba721e204c1cd933a29edd255cd9c220d95784731267e3f6e7d6d6ffacac",
    "https://esm.sh/v128/highlight.js@11.8.0/denonext/lib/languages/rib.js": "ffa5bef9f96e86384c05252c7356e8cbcdc446e369ddd293234896ce18a8bdc3",
    "https://esm.sh/v128/highlight.js@11.8.0/denonext/lib/languages/roboconf.js": "3f35c27b5264af4654af3ff7945ed1992f4c1aa9c2e9e87afb5f5f19ba853f36",
    "https://esm.sh/v128/highlight.js@11.8.0/denonext/lib/languages/routeros.js": "399f3b823359d07ae5e4e7e26db8e7bc0a626cfdbc989e6469dbe4271dc0fdf4",
    "https://esm.sh/v128/highlight.js@11.8.0/denonext/lib/languages/rsl.js": "194f19e1918eea02c7dbdc3d36ac21c0326465bf84d4cf440095c90792d008c1",
    "https://esm.sh/v128/highlight.js@11.8.0/denonext/lib/languages/ruby.js": "d91f4a30ae477952eaf309f7abd28db6263716a9d7272fdddad879bd4834c017",
    "https://esm.sh/v128/highlight.js@11.8.0/denonext/lib/languages/ruleslanguage.js": "1485643c2e0ad00d0fa6eeb5f72ed16481435d04ffddcab123869aeeb48cb817",
    "https://esm.sh/v128/highlight.js@11.8.0/denonext/lib/languages/rust.js": "ec2cc190ee326dfd5bb10d716660ebb9971eee2cf4917d22c1339bd78b9725ae",
    "https://esm.sh/v128/highlight.js@11.8.0/denonext/lib/languages/sas.js": "344b8a679c6ff6e1aeeaf88bdbae27cd42768e97cfe0344490c5f001998e6e0f",
    "https://esm.sh/v128/highlight.js@11.8.0/denonext/lib/languages/scala.js": "cfcc951e8f0c0afd2a063442a6be53dd91f2635b4167562560a530570c9a7afa",
    "https://esm.sh/v128/highlight.js@11.8.0/denonext/lib/languages/scheme.js": "ec1cd899e806bad4c31fbccd58ba562d9c9b4fb4eda0373ea9abdad6eb591463",
    "https://esm.sh/v128/highlight.js@11.8.0/denonext/lib/languages/scilab.js": "6adce0b475a0f225ea8bfc642df8c425ea600cead90cbf32329ea260545b22f6",
    "https://esm.sh/v128/highlight.js@11.8.0/denonext/lib/languages/scss.js": "5b822d9040980d91303ac547d34f58b98b452e74faf2d12f9d414395b7975a87",
    "https://esm.sh/v128/highlight.js@11.8.0/denonext/lib/languages/shell.js": "e1ef8c9093a7cd047e9510e7c73cf9a381bd0c52eb12e0512c9b8e61beee7771",
    "https://esm.sh/v128/highlight.js@11.8.0/denonext/lib/languages/smali.js": "590592f6467807bb3d2aeced35f75700917632c4f7c5cfa242dca71f9c1e1f64",
    "https://esm.sh/v128/highlight.js@11.8.0/denonext/lib/languages/smalltalk.js": "add1658f025d5aee20623d499fd0ee585dbb33a2e6a5e077246c858690443f19",
    "https://esm.sh/v128/highlight.js@11.8.0/denonext/lib/languages/sml.js": "84c1c733985894947b36705e9ae6f6d7193412505080761a85e506c53e7dc315",
    "https://esm.sh/v128/highlight.js@11.8.0/denonext/lib/languages/sqf.js": "1df893c55caddb43348f297ec42995557cef845516156663b252679540341ef3",
    "https://esm.sh/v128/highlight.js@11.8.0/denonext/lib/languages/sql.js": "15bc53b29383b849c44218b2172c97d2aca3ac7226a898a7e46b5b88073d394c",
    "https://esm.sh/v128/highlight.js@11.8.0/denonext/lib/languages/stan.js": "0a9bba6381549799251641a0c9670c9839b6b7f5842d60c00464db9cf178860f",
    "https://esm.sh/v128/highlight.js@11.8.0/denonext/lib/languages/stata.js": "62df7fb3ba29f7578c2e9a79641caf193b0083f8d3f779b1783e7ba549c55a7e",
    "https://esm.sh/v128/highlight.js@11.8.0/denonext/lib/languages/step21.js": "d5131d579ead39996cd56f4c6146b5c383abc29de83cca898e097be5a45b5236",
    "https://esm.sh/v128/highlight.js@11.8.0/denonext/lib/languages/stylus.js": "d6c23488935ed273e07be936ffb69917b815ed187e2e56abcaf4d200ba84f7a2",
    "https://esm.sh/v128/highlight.js@11.8.0/denonext/lib/languages/subunit.js": "d9b56e139dea0d20535b45b989be531e43b79b74883f8bd047433ff985838eca",
    "https://esm.sh/v128/highlight.js@11.8.0/denonext/lib/languages/swift.js": "824203048fb304cee352d5654c0847fed8495ce4ba44192fa292aa577c860322",
    "https://esm.sh/v128/highlight.js@11.8.0/denonext/lib/languages/taggerscript.js": "355ae7d19deb0a9458040209bfec6e18a0ed3fe4b544d3c00a4693a1119b83bc",
    "https://esm.sh/v128/highlight.js@11.8.0/denonext/lib/languages/tap.js": "0fb7d2db31db69da825f6b37cbe391562b4910857e51a383ee8343b41a57bcc8",
    "https://esm.sh/v128/highlight.js@11.8.0/denonext/lib/languages/tcl.js": "752ed33ccb7905881095562b70036a5ab94b7a60fe63225ddcd8927c7334b86e",
    "https://esm.sh/v128/highlight.js@11.8.0/denonext/lib/languages/thrift.js": "3177caf979802257be6bcd6242f885958b7589e773ae6acb2f95ae68540fc62a",
    "https://esm.sh/v128/highlight.js@11.8.0/denonext/lib/languages/tp.js": "a58fe15f6748798143e492e1f5915f3d093981f606d41673c7179d4dfd7e328e",
    "https://esm.sh/v128/highlight.js@11.8.0/denonext/lib/languages/twig.js": "eb94538420c57efa92b0239a9a8ebcbb6c67cf34a26a0eaca7aea06642a804a6",
    "https://esm.sh/v128/highlight.js@11.8.0/denonext/lib/languages/typescript.js": "e52bfa3ed32d40b62ba516b86ad03551b33cf111eb804b758e1d087071a653b2",
    "https://esm.sh/v128/highlight.js@11.8.0/denonext/lib/languages/vala.js": "6630b5c2e8e4b4242e59633c2601015586132906447a6c85ba184925f1e6036c",
    "https://esm.sh/v128/highlight.js@11.8.0/denonext/lib/languages/vbnet.js": "34c0514d5c8f46f9deb149ed168b0028a5e184d17d8241f5a69cb07aa700ef00",
    "https://esm.sh/v128/highlight.js@11.8.0/denonext/lib/languages/vbscript-html.js": "a96df822a7e11238ef1748bca7a2e505004df55b8eac4c3bffc75ac893535e09",
    "https://esm.sh/v128/highlight.js@11.8.0/denonext/lib/languages/vbscript.js": "5645004c74ad6c1ad8ec19cb263af4be4c9a3e80bcc811b6ada438cc92087f5e",
    "https://esm.sh/v128/highlight.js@11.8.0/denonext/lib/languages/verilog.js": "0a88b86768f108d0e9e5b0a7a903a4b9d40825cdd1ec0bf335b94da0493e2210",
    "https://esm.sh/v128/highlight.js@11.8.0/denonext/lib/languages/vhdl.js": "a8c4aa667a0d0c66cda3c57be8cf0dc19914cf466aaee4bd9327488013395fc6",
    "https://esm.sh/v128/highlight.js@11.8.0/denonext/lib/languages/vim.js": "508fe2f8c0a6cdcfab0f8cd5ce122485c9d1e45157db880efce4bf8721c2a8ae",
    "https://esm.sh/v128/highlight.js@11.8.0/denonext/lib/languages/wasm.js": "9aedfe48d5f23268b9935322949745c457d1ba27b7fb69c24e421ef6cde00633",
    "https://esm.sh/v128/highlight.js@11.8.0/denonext/lib/languages/wren.js": "7861ab409282a7ce709479c7d87d240b92cdb49524e0196b78268fab0f8cd042",
    "https://esm.sh/v128/highlight.js@11.8.0/denonext/lib/languages/x86asm.js": "855c0b906eb10df67309a3c44b148df219e19294be8abac4c73100af5be27751",
    "https://esm.sh/v128/highlight.js@11.8.0/denonext/lib/languages/xl.js": "be4c985851869b4b4423cf52a662eafe768e0b7afec48d5eb12e0c82ff4d4534",
    "https://esm.sh/v128/highlight.js@11.8.0/denonext/lib/languages/xml.js": "4b59f4adfa6f8d6bc6c590a0efdfcb7547a3d3c95940bbe0b28ff03797d98408",
    "https://esm.sh/v128/highlight.js@11.8.0/denonext/lib/languages/xquery.js": "4b5ff93cc3ae47c889b1c3c0459ad2273ddc1929379d054201509b463c680803",
    "https://esm.sh/v128/highlight.js@11.8.0/denonext/lib/languages/yaml.js": "7f6bba0334b23dd3ba0eb84e29e4479528875e3781f8561cd2296c2f9a299c1b",
    "https://esm.sh/v128/highlight.js@11.8.0/denonext/lib/languages/zephir.js": "5422c745ba2dd3d4396ed454009a31019abc075b27e0c36eedc0bb0bb02c1d3f",
    "https://esm.sh/v128/marked-highlight@2.0.1": "7836a569e1fbc029a93888bdf853a2305a0b37fc7bea7a353f6f9b34667f5386",
    "https://esm.sh/v128/marked-highlight@2.0.1/denonext/marked-highlight.mjs": "0ea3f7062a46a82cd5703a23d9ed0e28482b291d34aefa63ecc2e3788b3a65ac",
    "https://esm.sh/v128/marked@5.1.1": "32c3df55fa5754886b9d1fb8c3d741ff3b3bcd2191b9ff3bfc9bee31ed5e08c8",
    "https://esm.sh/v128/marked@5.1.1/denonext/marked.mjs": "e8a47c831f5ff187781d62d359c8f3bce9c0a642c0dc58b1cc3437b31348e8dd"
  }
}
