{
  "version": "2",
  "remote": {
    "https://cdn.jsdelivr.net/npm/highlight.js@11.8.0/+esm": "85b44de1ed933d63c34e230a047d55cd62fc9fe719aaa52ec8c805b59b1eb4a9",
    "https://cdn.jsdelivr.net/npm/marked-highlight@2.0.1/+esm": "44fef240941c473884da3b6cf633d2a370841d9ae57a0d1a684554ed792f439b",
    "https://cdn.jsdelivr.net/npm/marked-xhtml@1.0.1/+esm": "a9671e3e3ac5413ff490968ff2ba271d4b04bc06fe5aef1578202fc96d530042",
    "https://cdn.jsdelivr.net/npm/marked@5.1.1/+esm": "9c93178a25e6d2b82a239b64f4c436ebd2f4b5e1308122b9453833067f56f10a",
    "https://deno.land/std@0.193.0/_util/asserts.ts": "178dfc49a464aee693a7e285567b3d0b555dc805ff490505a8aae34f9cfb1462",
    "https://deno.land/std@0.193.0/_util/os.ts": "d932f56d41e4f6a6093d56044e29ce637f8dcc43c5a90af43504a889cf1775e3",
    "https://deno.land/std@0.193.0/async/abortable.ts": "fd682fa46f3b7b16b4606a5ab52a7ce309434b76f820d3221bdfb862719a15d7",
    "https://deno.land/std@0.193.0/async/deadline.ts": "58f72a3cc0fcb731b2cc055ba046f4b5be3349ff6bf98f2e793c3b969354aab2",
    "https://deno.land/std@0.193.0/async/debounce.ts": "adab11d04ca38d699444ac8a9d9856b4155e8dda2afd07ce78276c01ea5a4332",
    "https://deno.land/std@0.193.0/async/deferred.ts": "42790112f36a75a57db4a96d33974a936deb7b04d25c6084a9fa8a49f135def8",
    "https://deno.land/std@0.193.0/async/delay.ts": "73aa04cec034c84fc748c7be49bb15cac3dd43a57174bfdb7a4aec22c248f0dd",
    "https://deno.land/std@0.193.0/async/mod.ts": "f04344fa21738e5ad6bea37a6bfffd57c617c2d372bb9f9dcfd118a1b622e576",
    "https://deno.land/std@0.193.0/async/mux_async_iterator.ts": "70c7f2ee4e9466161350473ad61cac0b9f115cff4c552eaa7ef9d50c4cbb4cc9",
    "https://deno.land/std@0.193.0/async/pool.ts": "f1b8d3df4d7fd3c73f8cbc91cc2e8b8e950910f1eab94230b443944d7584c657",
    "https://deno.land/std@0.193.0/async/retry.ts": "b1ccf653954a4e52b3d9731e57d18b864e689a7462e78fb20440b11be9905080",
    "https://deno.land/std@0.193.0/async/tee.ts": "47e42d35f622650b02234d43803d0383a89eb4387e1b83b5a40106d18ae36757",
    "https://deno.land/std@0.193.0/collections/_utils.ts": "5114abc026ddef71207a79609b984614e66a63a4bda17d819d56b0e72c51527e",
    "https://deno.land/std@0.193.0/collections/deep_merge.ts": "d4628270ec6325055b95162df05b8543961b6f5b2a56f7cc46b730cc2c7b84ab",
    "https://deno.land/std@0.193.0/encoding/base64.ts": "144ae6234c1fbe5b68666c711dc15b1e9ee2aef6d42b3b4345bf9a6c91d70d0d",
    "https://deno.land/std@0.193.0/flags/mod.ts": "17f444ddbee43c5487568de0c6a076c7729cfe90d96d2ffcd2b8f8adadafb6e8",
    "https://deno.land/std@0.193.0/fmt/bytes.ts": "f29cf69e0791d375f9f5d94ae1f0641e5a03b975f32ddf86d70f70fdf37e7b6a",
    "https://deno.land/std@0.193.0/fmt/colors.ts": "d67e3cd9f472535241a8e410d33423980bec45047e343577554d3356e1f0ef4e",
    "https://deno.land/std@0.193.0/http/etag.ts": "6ad8abbbb1045aabf2307959a2c5565054a8bf01c9824ddee836b1ff22706a58",
    "https://deno.land/std@0.193.0/http/file_server.ts": "2349d927be838b32a965ba435d0e8351932b79186fa582ea2d7168b6b53ba36e",
    "https://deno.land/std@0.193.0/http/http_status.ts": "8a7bcfe3ac025199ad804075385e57f63d055b2aed539d943ccc277616d6f932",
    "https://deno.land/std@0.193.0/http/server.ts": "1b23463b5b36e4eebc495417f6af47a6f7d52e3294827a1226d2a1aab23d9d20",
    "https://deno.land/std@0.193.0/http/util.ts": "4cf044067febaa26d0830e356b0f3a5f76d701a60d7ff7a516fad7b192f4c3a7",
    "https://deno.land/std@0.193.0/media_types/_db.ts": "7606d83e31f23ce1a7968cbaee852810c2cf477903a095696cdc62eaab7ce570",
    "https://deno.land/std@0.193.0/media_types/_util.ts": "916efbd30b6148a716f110e67a4db29d6949bf4048997b754415dd7e42c52378",
    "https://deno.land/std@0.193.0/media_types/content_type.ts": "ad98a5aa2d95f5965b2796072284258710a25e520952376ed432b0937ce743bc",
    "https://deno.land/std@0.193.0/media_types/format_media_type.ts": "f5e1073c05526a6f5a516ac5c5587a1abd043bf1039c71cde1166aa4328c8baf",
    "https://deno.land/std@0.193.0/media_types/get_charset.ts": "18b88274796fda5d353806bf409eb1d2ddb3f004eb4bd311662c4cdd8ac173db",
    "https://deno.land/std@0.193.0/media_types/parse_media_type.ts": "835c4112e1357e95b4f10d7cdea5ae1801967e444f48673ff8f1cb4d32af9920",
    "https://deno.land/std@0.193.0/media_types/type_by_extension.ts": "daa801eb0f11cdf199445d0f1b656cf116d47dcf9e5b85cc1e6b4469f5ee0432",
    "https://deno.land/std@0.193.0/media_types/vendor/mime-db.v1.52.0.ts": "6925bbcae81ca37241e3f55908d0505724358cda3384eaea707773b2c7e99586",
    "https://deno.land/std@0.193.0/path/_constants.ts": "e49961f6f4f48039c0dfed3c3f93e963ca3d92791c9d478ac5b43183413136e0",
    "https://deno.land/std@0.193.0/path/_interface.ts": "6471159dfbbc357e03882c2266d21ef9afdb1e4aa771b0545e90db58a0ba314b",
    "https://deno.land/std@0.193.0/path/_util.ts": "d7abb1e0dea065f427b89156e28cdeb32b045870acdf865833ba808a73b576d0",
    "https://deno.land/std@0.193.0/path/common.ts": "ee7505ab01fd22de3963b64e46cff31f40de34f9f8de1fff6a1bd2fe79380000",
    "https://deno.land/std@0.193.0/path/glob.ts": "d479e0a695621c94d3fd7fe7abd4f9499caf32a8de13f25073451c6ef420a4e1",
    "https://deno.land/std@0.193.0/path/mod.ts": "f065032a7189404fdac3ad1a1551a9ac84751d2f25c431e101787846c86c79ef",
    "https://deno.land/std@0.193.0/path/posix.ts": "8b7c67ac338714b30c816079303d0285dd24af6b284f7ad63da5b27372a2c94d",
    "https://deno.land/std@0.193.0/path/separator.ts": "0fb679739d0d1d7bf45b68dacfb4ec7563597a902edbaf3c59b50d5bcadd93b1",
    "https://deno.land/std@0.193.0/path/win32.ts": "d186344e5583bcbf8b18af416d13d82b35a317116e6460a5a3953508c3de5bba",
    "https://deno.land/std@0.193.0/streams/byte_slice_stream.ts": "225d57263a34325d7c96cb3dafeb478eec0e6fd05cd0458d678752eadd132bb4",
    "https://deno.land/std@0.193.0/version.ts": "90fe73cb597df8dd8780ea1b899a9231b991b83751bb104b3c8aa2c954f49dd7",
    "https://deno.land/std@0.194.0/_util/asserts.ts": "178dfc49a464aee693a7e285567b3d0b555dc805ff490505a8aae34f9cfb1462",
    "https://deno.land/std@0.194.0/_util/os.ts": "d932f56d41e4f6a6093d56044e29ce637f8dcc43c5a90af43504a889cf1775e3",
    "https://deno.land/std@0.194.0/collections/filter_values.ts": "5b9feaf17b9a6e5ffccdd36cf6f38fa4ffa94cff2602d381c2ad0c2a97929652",
    "https://deno.land/std@0.194.0/collections/without_all.ts": "a89f5da0b5830defed4f59666e188df411d8fece35a5f6ca69be6ca71a95c185",
    "https://deno.land/std@0.194.0/dotenv/mod.ts": "39e5d19e077e55d7e01ea600eb1c6d1e18a8dfdfc65d68826257a576788da3a4",
    "https://deno.land/std@0.194.0/fs/_util.ts": "fbf57dcdc9f7bc8128d60301eece608246971a7836a3bb1e78da75314f08b978",
    "https://deno.land/std@0.194.0/fs/copy.ts": "14214efd94fc3aa6db1e4af2b4b9578e50f7362b7f3725d5a14ad259a5df26c8",
    "https://deno.land/std@0.194.0/fs/empty_dir.ts": "c3d2da4c7352fab1cf144a1ecfef58090769e8af633678e0f3fabaef98594688",
    "https://deno.land/std@0.194.0/fs/ensure_dir.ts": "dc64c4c75c64721d4e3fb681f1382f803ff3d2868f08563ff923fdd20d071c40",
    "https://deno.land/std@0.194.0/fs/ensure_file.ts": "c38602670bfaf259d86ca824a94e6cb9e5eb73757fefa4ebf43a90dd017d53d9",
    "https://deno.land/std@0.194.0/fs/ensure_link.ts": "c0f5b2f0ec094ed52b9128eccb1ee23362a617457aa0f699b145d4883f5b2fb4",
    "https://deno.land/std@0.194.0/fs/ensure_symlink.ts": "5006ab2f458159c56d689b53b1e48d57e05eeb1eaf64e677f7f76a30bc4fdba1",
    "https://deno.land/std@0.194.0/fs/eol.ts": "f1f2eb348a750c34500741987b21d65607f352cf7205f48f4319d417fff42842",
    "https://deno.land/std@0.194.0/fs/exists.ts": "29c26bca8584a22876be7cb8844f1b6c8fc35e9af514576b78f5c6884d7ed02d",
    "https://deno.land/std@0.194.0/fs/expand_glob.ts": "e4f56259a0a70fe23f05215b00de3ac5e6ba46646ab2a06ebbe9b010f81c972a",
    "https://deno.land/std@0.194.0/fs/mod.ts": "bc3d0acd488cc7b42627044caf47d72019846d459279544e1934418955ba4898",
    "https://deno.land/std@0.194.0/fs/move.ts": "b4f8f46730b40c32ea3c0bc8eb0fd0e8139249a698883c7b3756424cf19785c9",
    "https://deno.land/std@0.194.0/fs/walk.ts": "920be35a7376db6c0b5b1caf1486fb962925e38c9825f90367f8f26b5e5d0897",
    "https://deno.land/std@0.194.0/path/_constants.ts": "e49961f6f4f48039c0dfed3c3f93e963ca3d92791c9d478ac5b43183413136e0",
    "https://deno.land/std@0.194.0/path/_interface.ts": "6471159dfbbc357e03882c2266d21ef9afdb1e4aa771b0545e90db58a0ba314b",
    "https://deno.land/std@0.194.0/path/_util.ts": "d7abb1e0dea065f427b89156e28cdeb32b045870acdf865833ba808a73b576d0",
    "https://deno.land/std@0.194.0/path/common.ts": "ee7505ab01fd22de3963b64e46cff31f40de34f9f8de1fff6a1bd2fe79380000",
    "https://deno.land/std@0.194.0/path/glob.ts": "d479e0a695621c94d3fd7fe7abd4f9499caf32a8de13f25073451c6ef420a4e1",
    "https://deno.land/std@0.194.0/path/mod.ts": "f065032a7189404fdac3ad1a1551a9ac84751d2f25c431e101787846c86c79ef",
    "https://deno.land/std@0.194.0/path/posix.ts": "8b7c67ac338714b30c816079303d0285dd24af6b284f7ad63da5b27372a2c94d",
    "https://deno.land/std@0.194.0/path/separator.ts": "0fb679739d0d1d7bf45b68dacfb4ec7563597a902edbaf3c59b50d5bcadd93b1",
    "https://deno.land/std@0.194.0/path/win32.ts": "d186344e5583bcbf8b18af416d13d82b35a317116e6460a5a3953508c3de5bba",
    "https://deno.land/std@0.78.0/_util/assert.ts": "e1f76e77c5ccb5a8e0dbbbe6cce3a56d2556c8cb5a9a8802fc9565af72462149",
    "https://deno.land/std@0.78.0/_util/os.ts": "e2be3e25f96e4b5a233a08fd03aba80819bcaee66ac53c11c9b5aaa64799b475",
    "https://deno.land/std@0.78.0/fs/_util.ts": "9318f5253cb09177280bdce64b6af97012707cdb458c02864811c2bae1dd1dbd",
    "https://deno.land/std@0.78.0/fs/copy.ts": "94a9035388fb197e5d61db360bbf77497dbddd66bce56a42b7b6e0c39d5f7a2e",
    "https://deno.land/std@0.78.0/fs/empty_dir.ts": "4d706eb01e5d08d862c673200d1978526e485368559fc7fb0f297add68f9cc43",
    "https://deno.land/std@0.78.0/fs/ensure_dir.ts": "54cf0cfb16160857116d1bdff98214ad0189275fe2f089607fdc06c52ac79cc4",
    "https://deno.land/std@0.78.0/fs/ensure_file.ts": "b70eccaee6f41ae226d399ad9c8ebc29beb5dd86fe179d30ab7e681976352baf",
    "https://deno.land/std@0.78.0/fs/ensure_link.ts": "f647cea5c3b65f4a6618444546e9ca891d38f54f7fd4c718fb1fd575b4232213",
    "https://deno.land/std@0.78.0/fs/ensure_symlink.ts": "88e14896b2cf069ac6342cf929c1ca57a681eb90f48e5af658c05fbb100c6097",
    "https://deno.land/std@0.78.0/fs/eol.ts": "e133163510b683fc26a8285c4fa81e259a398ca592ab49edc3fdc9b2cc71e99a",
    "https://deno.land/std@0.78.0/fs/exists.ts": "5429dce6587bfcdde06a7a2a1fd5ad932c17d74ca082e67934fa646cff1d2e57",
    "https://deno.land/std@0.78.0/fs/expand_glob.ts": "1b43b860bd0834f2d79db4b88bb3ae97b4aed6c91e377bb843cc9d2f024bb117",
    "https://deno.land/std@0.78.0/fs/mod.ts": "54ba0d1dac6de21ac32e3b60b83930e7febb4a2148ed735013b8d911c889d172",
    "https://deno.land/std@0.78.0/fs/move.ts": "63803372793b85edfb8da586145fa5d33f4836caf4cea919f5b172b06bcab08a",
    "https://deno.land/std@0.78.0/fs/walk.ts": "855a8335b8e85a36466673caca7b4f4558878763922796359e6536cde4f45c53",
    "https://deno.land/std@0.78.0/path/_constants.ts": "3a19d04e5d6de4620df22ab40c2e8c9d87002b56702d2b4669c14dfa2765e368",
    "https://deno.land/std@0.78.0/path/_interface.ts": "67b276380d297a7cedc3c17f7a0bf122edcfc96a3e1f69de06f379d85ba0e2c0",
    "https://deno.land/std@0.78.0/path/_util.ts": "7820a788b35c26dfc27ff329df12507fc0553ae92727009597046f6cf856b4fa",
    "https://deno.land/std@0.78.0/path/common.ts": "e4ec66a7416d56f60331b66e27a8a4f08c7b1cf48e350271cb69754a01cf5c04",
    "https://deno.land/std@0.78.0/path/glob.ts": "c36be777b82346a3fac02ef0ffef7d6c9bfe4da50f4599c798d7ded072f88d22",
    "https://deno.land/std@0.78.0/path/mod.ts": "ef6a91aed4bc417eb56f8d5947f117f35ed3ca76c24d19dc482d3d6514218d5f",
    "https://deno.land/std@0.78.0/path/posix.ts": "1e38cb411e00eb98c9c49da3b7c7589bc22012fe9194165030945b71ddecbe69",
    "https://deno.land/std@0.78.0/path/separator.ts": "696812939d47fbe095002e92d595e3a1cdf03157222029a39c68dce9995f38c4",
    "https://deno.land/std@0.78.0/path/win32.ts": "ac04d13b10e47655472256666d60d8e0bb62a4bf4532be1c493b1444f5a76464",
    "https://deno.land/x/imagemagick_deno@0.0.14/mod.ts": "6b58c767d2308488597c3660e7ff399ede244198d7903900fa43a49cf93c7796",
    "https://deno.land/x/imagemagick_deno@0.0.14/src/alpha-option.ts": "749a9f3309e491ec09a1d6bc50ce95d9733887d9f57c6863c4ff1c7e9610227b",
    "https://deno.land/x/imagemagick_deno@0.0.14/src/auto-threshold-method.ts": "bb08a00046137e441930e56190b6db10c5fe657cb0a6142cd565a40b1c4250a2",
    "https://deno.land/x/imagemagick_deno@0.0.14/src/channels.ts": "a15c5f2d278ee7961b4b425c97cfc1fc62c1955c87706c74743fa6215fa482c9",
    "https://deno.land/x/imagemagick_deno@0.0.14/src/color-space.ts": "3d9a60f3a8bfefea8d9525572d7bd6214530c69688e8799dceb492b7797d1d0a",
    "https://deno.land/x/imagemagick_deno@0.0.14/src/composite-operator.ts": "f4b5046415c5965d53b17a9e441a42d87e8477b7c158704abd417d6ac10f3ea0",
    "https://deno.land/x/imagemagick_deno@0.0.14/src/defines/define.ts": "645fb3a06424ed750250212ac8762ba2ea97c4e4fdbda8aedf21734cbaf4833c",
    "https://deno.land/x/imagemagick_deno@0.0.14/src/defines/defines.ts": "fc8e12475e11a30f9f6f9c2b5e2fba94b01d65135654b97694da915d40fae2fe",
    "https://deno.land/x/imagemagick_deno@0.0.14/src/distort-method.ts": "13819e00ccb6a636af9ece5d11dfce9451e578d46c94e1f528b0ae5da7721985",
    "https://deno.land/x/imagemagick_deno@0.0.14/src/drawables/drawable.ts": "61b40233ea3c28664c2f8dfd8d794772d8a7a779f4228060efd41b0d44762521",
    "https://deno.land/x/imagemagick_deno@0.0.14/src/drawables/drawing-wand.ts": "3c495d8cf37eac2c3cc0e840a13aed24457d37414528077b06d3f8aa76cd4cde",
    "https://deno.land/x/imagemagick_deno@0.0.14/src/error-metric.ts": "fafe44d95312b0e9dd6e5d6d3efd536764468a4b80e3dc3d7d7efc33a40fb871",
    "https://deno.land/x/imagemagick_deno@0.0.14/src/evaluate-operator.ts": "c05d51cb193d95ce0432dee914465cbafc35026ea1102cc48f431571bfb67260",
    "https://deno.land/x/imagemagick_deno@0.0.14/src/filter-type.ts": "face0109ae9e56125b778a8842384031d6e0bd688dfcf96c0861f2fd8bb27225",
    "https://deno.land/x/imagemagick_deno@0.0.14/src/gravity.ts": "ed99d33e3775c510c0a29fb330ca5ac9445e41dd3644507186c25cc32eb8634a",
    "https://deno.land/x/imagemagick_deno@0.0.14/src/image-magick.ts": "1ae1c396bb9539b7918ac40c3710d13475f8e9d3d0a5a9216c087c1b95fab4ba",
    "https://deno.land/x/imagemagick_deno@0.0.14/src/internal/exception/exception.ts": "2c1e1d5f6df4fcaef50403ed18f5ebdf560a5e764944d569db406e97f76f2aae",
    "https://deno.land/x/imagemagick_deno@0.0.14/src/internal/geometry-flags.ts": "56bbc3f668db2e67f607cd1c08e07f51ded80a8c402efb0b6cd4ad98d0f69d19",
    "https://deno.land/x/imagemagick_deno@0.0.14/src/internal/magick-rectangle.ts": "ffffcd9ebffe20f871396af22c9f5acb332b5d503a5b21200a94e1e61e4e68b3",
    "https://deno.land/x/imagemagick_deno@0.0.14/src/internal/native-instance.ts": "25b42d5db19439ba7016821bf363d85cabe6fa0784e9ec0e84a975f9ca4a850c",
    "https://deno.land/x/imagemagick_deno@0.0.14/src/internal/native/array.ts": "bcfa4f33246feaf3e1cfd219f188819caf2ed84562f986f508b1ba8beecd28fb",
    "https://deno.land/x/imagemagick_deno@0.0.14/src/internal/native/string.ts": "a3985bf82a8c0e0507001ab1af72c817f6a9f3fffcba532c5504b75102107ce3",
    "https://deno.land/x/imagemagick_deno@0.0.14/src/internal/pointer/pointer.ts": "d866febf67a2d72678e6bd0fd70f751622348c3c2c4ad0aba42dbd750c4f8526",
    "https://deno.land/x/imagemagick_deno@0.0.14/src/internal/string-info.ts": "6121081f0382fdfe259bb6c95655b1626cc68af778ad91af437daa8c55965575",
    "https://deno.land/x/imagemagick_deno@0.0.14/src/magick-color.ts": "6e849e94f3183d86f44d55f4646af394d0d3573fbce8b26b6d6bfbda03dcaf5c",
    "https://deno.land/x/imagemagick_deno@0.0.14/src/magick-colors.ts": "c3a4cdbbca0ebce9386ae71f835118847d8770573efcb63a35c54242aa156f90",
    "https://deno.land/x/imagemagick_deno@0.0.14/src/magick-error-severity.ts": "160e5f07bad67542c9c95a8ec61e70f294333bf7f3c463419dc4fadfacdbdbf6",
    "https://deno.land/x/imagemagick_deno@0.0.14/src/magick-error.ts": "5a515e203373ef48903bda51635e04f232bf3144eaee48c66d65df1e705346d4",
    "https://deno.land/x/imagemagick_deno@0.0.14/src/magick-format-info.ts": "3c20c60a0eab8883cf7268c6993855718de5c3b53cab36097af611ac1a5219f9",
    "https://deno.land/x/imagemagick_deno@0.0.14/src/magick-format.ts": "b5fa87a4dcc9ccdc1465fbee8cc3a6999767c94d67ad0d86b7998af26bf8c309",
    "https://deno.land/x/imagemagick_deno@0.0.14/src/magick-geometry.ts": "c41ec925e2cba2f4a07ab278de87d533aac282f68b038d6ca7075fc09570f759",
    "https://deno.land/x/imagemagick_deno@0.0.14/src/magick-image-collection.ts": "7a1249264e27e9ae7d0e416d6dffe057750f212819c7973f5666f3a80e274e4a",
    "https://deno.land/x/imagemagick_deno@0.0.14/src/magick-image.ts": "e712e9f6d6f87a426e8a0cf6b467d100d10ee5ca70d81b145c370a1007ca8b27",
    "https://deno.land/x/imagemagick_deno@0.0.14/src/magick.ts": "990bbb125a908afd71bba8b9601704f64abfe68b861e906ec7495f87b2f4c776",
    "https://deno.land/x/imagemagick_deno@0.0.14/src/orientation-type.ts": "a5c48feec25d432e5c3ad3ed76c929a7960836d3ab1012525c0f7883e4f46c30",
    "https://deno.land/x/imagemagick_deno@0.0.14/src/paint-method.ts": "0178827b90549bf587e8ae9e2757cb96607b1fffa5c05d0534a8de136a346d29",
    "https://deno.land/x/imagemagick_deno@0.0.14/src/percentage.ts": "00240337512949c97e407b006cdd025af5fc6db600adce9ca6193ab61e326291",
    "https://deno.land/x/imagemagick_deno@0.0.14/src/pixel-channel.ts": "8039ee75caf150f4f817c49a12f025dd7ca01e263dfd3bd882a55ad0eb17086c",
    "https://deno.land/x/imagemagick_deno@0.0.14/src/pixel-interpolate-method.ts": "d2c62675acb5d8fffca3e2c91c9a35bfebec62f2424268e5e240f9f17f57d356",
    "https://deno.land/x/imagemagick_deno@0.0.14/src/pixels/pixel-collection.ts": "e21b9e3ecd31cd94f7a57939f565f9df3d3009e68fe8a03d8760780096d2e457",
    "https://deno.land/x/imagemagick_deno@0.0.14/src/point.ts": "f664938d0f39eadd41fe5eb8ca81c52b59a7f7138539afea3ddc863d25a4a935",
    "https://deno.land/x/imagemagick_deno@0.0.14/src/profiles/image-profile.ts": "ea1bb6406430a03cf9263a40260fcd8f99bcc14fa3629206fcbcd2679c94b4a2",
    "https://deno.land/x/imagemagick_deno@0.0.14/src/quantum.ts": "7e92f9cf73fc6ec89df48ab4c462339fad580f0b6a1e1009d3c5a5cb599dc3ed",
    "https://deno.land/x/imagemagick_deno@0.0.14/src/settings/distort-settings.ts": "cdb352260b90a140191c222bafde0740114062822400bdf89709bef1c2f40563",
    "https://deno.land/x/imagemagick_deno@0.0.14/src/settings/drawing-settings.ts": "40eb95416367982afd13de2138dd06527a937e1459d6e374f8d5f8e7fa0deb7e",
    "https://deno.land/x/imagemagick_deno@0.0.14/src/settings/magick-read-settings.ts": "95417d00701245c7c5bd202cd0d4f02546ae01a77ecc9d0523c97a84ddf862d5",
    "https://deno.land/x/imagemagick_deno@0.0.14/src/settings/magick-settings.ts": "8fb86c3bd354023d8026624bb4bca78501ae92adea6287f97e687b8b762095d1",
    "https://deno.land/x/imagemagick_deno@0.0.14/src/settings/native-drawing-settings.ts": "b6a04740bd9261a478ff44b631cb039c9f909ed2243cae4e6ae6b3ebcce6dc21",
    "https://deno.land/x/imagemagick_deno@0.0.14/src/settings/native-magick-settings.ts": "859787363161a2c6a693ab5b475859f9e9b02dfb7128215b0c03a68839892d1c",
    "https://deno.land/x/imagemagick_deno@0.0.14/src/virtual-pixel-method.ts": "ae2f0520e05b382299e4d41f4d7e2c67baf727ef7c816037e601c978948b1451",
    "https://deno.land/x/imagemagick_deno@0.0.14/src/wasm/magick.ts": "b5ec7d6c3c7379f8f9ba0c23238f7024aa35f3a15edb2d1cbca4ccc44a186ac9",
    "https://deno.land/x/imagemagick_deno@0.0.14/src/wasm/magick_native.js": "e7f2cfe41531d94286bf839783c08cc0b4b9c89e6ad7bbd0e2a4dcf70086ca75",
    "https://esm.sh/v128/ejs@3.1.9": "61791f575e5d46ca2a6baa05b346014a4b7628915e9b08d2bd7a6e3e8a683b08",
    "https://esm.sh/v128/ejs@3.1.9/denonext/ejs.mjs": "e431618f19f175600db3a278674ae72d3f49b6a376efc73f1db9625dd7c9f64f"
  }
}
